
Microsoft Visual Studio Solution File, Format Version 12.00
# Visual Studio Version 17
VisualStudioVersion = 17.11.35219.272
MinimumVisualStudioVersion = 10.0.40219.1
Project("{FAE04EC0-301F-11D3-BF4B-00C04F79EFBC}") = "Presentacion", "GestionDeEnvios\Presentacion.csproj", "{BD2DE1C7-3DE4-446D-A550-F7250C04B0A5}"
EndProject
Project("{FAE04EC0-301F-11D3-BF4B-00C04F79EFBC}") = "LogicaNegocio", "LogicaNegocio\LogicaNegocio.csproj", "{4D3F8A4D-B169-496C-B62B-9B4006E5BE66}"
EndProject
Project("{FAE04EC0-301F-11D3-BF4B-00C04F79EFBC}") = "ExcepcionesPropias", "ExcepcionesPropias\ExcepcionesPropias.csproj", "{7E873CD3-761E-48F3-9902-7BBB194D0468}"
EndProject
Project("{FAE04EC0-301F-11D3-BF4B-00C04F79EFBC}") = "AccesoDatos", "AccesoDatos\AccesoDatos.csproj", "{A63FA803-591B-4B34-9AF4-F138FA37A1FB}"
EndProject
Project("{FAE04EC0-301F-11D3-BF4B-00C04F79EFBC}") = "LogicaAplicacion", "LogicaAplicacion\LogicaAplicacion.csproj", "{7138D8EE-284D-442A-B415-BD3A637C905D}"
EndProject
Project("{FAE04EC0-301F-11D3-BF4B-00C04F79EFBC}") = "CasosUso", "CasosUso\CasosUso.csproj", "{2E8762C6-679B-400C-AF4B-BA0F0AF46607}"
EndProject
Global
	GlobalSection(SolutionConfigurationPlatforms) = preSolution
		Debug|Any CPU = Debug|Any CPU
		Release|Any CPU = Release|Any CPU
	EndGlobalSection
	GlobalSection(ProjectConfigurationPlatforms) = postSolution
		{BD2DE1C7-3DE4-446D-A550-F7250C04B0A5}.Debug|Any CPU.ActiveCfg = Debug|Any CPU
		{BD2DE1C7-3DE4-446D-A550-F7250C04B0A5}.Debug|Any CPU.Build.0 = Debug|Any CPU
		{BD2DE1C7-3DE4-446D-A550-F7250C04B0A5}.Release|Any CPU.ActiveCfg = Release|Any CPU
		{BD2DE1C7-3DE4-446D-A550-F7250C04B0A5}.Release|Any CPU.Build.0 = Release|Any CPU
		{4D3F8A4D-B169-496C-B62B-9B4006E5BE66}.Debug|Any CPU.ActiveCfg = Debug|Any CPU
		{4D3F8A4D-B169-496C-B62B-9B4006E5BE66}.Debug|Any CPU.Build.0 = Debug|Any CPU
		{4D3F8A4D-B169-496C-B62B-9B4006E5BE66}.Release|Any CPU.ActiveCfg = Release|Any CPU
		{4D3F8A4D-B169-496C-B62B-9B4006E5BE66}.Release|Any CPU.Build.0 = Release|Any CPU
		{7E873CD3-761E-48F3-9902-7BBB194D0468}.Debug|Any CPU.ActiveCfg = Debug|Any CPU
		{7E873CD3-761E-48F3-9902-7BBB194D0468}.Debug|Any CPU.Build.0 = Debug|Any CPU
		{7E873CD3-761E-48F3-9902-7BBB194D0468}.Release|Any CPU.ActiveCfg = Release|Any CPU
		{7E873CD3-761E-48F3-9902-7BBB194D0468}.Release|Any CPU.Build.0 = Release|Any CPU
		{A63FA803-591B-4B34-9AF4-F138FA37A1FB}.Debug|Any CPU.ActiveCfg = Debug|Any CPU
		{A63FA803-591B-4B34-9AF4-F138FA37A1FB}.Debug|Any CPU.Build.0 = Debug|Any CPU
		{A63FA803-591B-4B34-9AF4-F138FA37A1FB}.Release|Any CPU.ActiveCfg = Release|Any CPU
		{A63FA803-591B-4B34-9AF4-F138FA37A1FB}.Release|Any CPU.Build.0 = Release|Any CPU
		{7138D8EE-284D-442A-B415-BD3A637C905D}.Debug|Any CPU.ActiveCfg = Debug|Any CPU
		{7138D8EE-284D-442A-B415-BD3A637C905D}.Debug|Any CPU.Build.0 = Debug|Any CPU
		{7138D8EE-284D-442A-B415-BD3A637C905D}.Release|Any CPU.ActiveCfg = Release|Any CPU
		{7138D8EE-284D-442A-B415-BD3A637C905D}.Release|Any CPU.Build.0 = Release|Any CPU
		{2E8762C6-679B-400C-AF4B-BA0F0AF46607}.Debug|Any CPU.ActiveCfg = Debug|Any CPU
		{2E8762C6-679B-400C-AF4B-BA0F0AF46607}.Debug|Any CPU.Build.0 = Debug|Any CPU
		{2E8762C6-679B-400C-AF4B-BA0F0AF46607}.Release|Any CPU.ActiveCfg = Release|Any CPU
		{2E8762C6-679B-400C-AF4B-BA0F0AF46607}.Release|Any CPU.Build.0 = Release|Any CPU
	EndGlobalSection
	GlobalSection(SolutionProperties) = preSolution
		HideSolutionNode = FALSE
	EndGlobalSection
	GlobalSection(ExtensibilityGlobals) = postSolution
		SolutionGuid = {2B0FF0F2-D350-44ED-A989-93E0B9F80832}
	EndGlobalSection
EndGlobal
